
Microsoft Visual Studio Solution File, Format Version 12.00
# Visual Studio 15
VisualStudioVersion = 15.0.28307.1231
MinimumVisualStudioVersion = 10.0.40219.1
Project("{FAE04EC0-301F-11D3-BF4B-00C04F79EFBC}") = "BookRentalLibrary", "BookRentalLibrary\BookRentalLibrary.csproj", "{374582C6-98DC-4C27-A12D-2C2A39E411F1}"
EndProject
Project("{FAE04EC0-301F-11D3-BF4B-00C04F79EFBC}") = "RentalUI", "RentalUI\RentalUI.csproj", "{4727A251-6923-4E22-AFE9-4DEA307977FE}"
EndProject
Global
	GlobalSection(SolutionConfigurationPlatforms) = preSolution
		Debug|Any CPU = Debug|Any CPU
		Debug|ARM = Debug|ARM
		Debug|ARM64 = Debug|ARM64
		Debug|x64 = Debug|x64
		Debug|x86 = Debug|x86
		Release|Any CPU = Release|Any CPU
		Release|ARM = Release|ARM
		Release|ARM64 = Release|ARM64
		Release|x64 = Release|x64
		Release|x86 = Release|x86
	EndGlobalSection
	GlobalSection(ProjectConfigurationPlatforms) = postSolution
		{374582C6-98DC-4C27-A12D-2C2A39E411F1}.Debug|Any CPU.ActiveCfg = Debug|Any CPU
		{374582C6-98DC-4C27-A12D-2C2A39E411F1}.Debug|Any CPU.Build.0 = Debug|Any CPU
		{374582C6-98DC-4C27-A12D-2C2A39E411F1}.Debug|ARM.ActiveCfg = Debug|ARM
		{374582C6-98DC-4C27-A12D-2C2A39E411F1}.Debug|ARM.Build.0 = Debug|ARM
		{374582C6-98DC-4C27-A12D-2C2A39E411F1}.Debug|ARM64.ActiveCfg = Debug|ARM64
		{374582C6-98DC-4C27-A12D-2C2A39E411F1}.Debug|ARM64.Build.0 = Debug|ARM64
		{374582C6-98DC-4C27-A12D-2C2A39E411F1}.Debug|x64.ActiveCfg = Debug|x64
		{374582C6-98DC-4C27-A12D-2C2A39E411F1}.Debug|x64.Build.0 = Debug|x64
		{374582C6-98DC-4C27-A12D-2C2A39E411F1}.Debug|x86.ActiveCfg = Debug|x86
		{374582C6-98DC-4C27-A12D-2C2A39E411F1}.Debug|x86.Build.0 = Debug|x86
		{374582C6-98DC-4C27-A12D-2C2A39E411F1}.Release|Any CPU.ActiveCfg = Release|Any CPU
		{374582C6-98DC-4C27-A12D-2C2A39E411F1}.Release|Any CPU.Build.0 = Release|Any CPU
		{374582C6-98DC-4C27-A12D-2C2A39E411F1}.Release|ARM.ActiveCfg = Release|ARM
		{374582C6-98DC-4C27-A12D-2C2A39E411F1}.Release|ARM.Build.0 = Release|ARM
		{374582C6-98DC-4C27-A12D-2C2A39E411F1}.Release|ARM64.ActiveCfg = Release|ARM64
		{374582C6-98DC-4C27-A12D-2C2A39E411F1}.Release|ARM64.Build.0 = Release|ARM64
		{374582C6-98DC-4C27-A12D-2C2A39E411F1}.Release|x64.ActiveCfg = Release|x64
		{374582C6-98DC-4C27-A12D-2C2A39E411F1}.Release|x64.Build.0 = Release|x64
		{374582C6-98DC-4C27-A12D-2C2A39E411F1}.Release|x86.ActiveCfg = Release|x86
		{374582C6-98DC-4C27-A12D-2C2A39E411F1}.Release|x86.Build.0 = Release|x86
		{4727A251-6923-4E22-AFE9-4DEA307977FE}.Debug|Any CPU.ActiveCfg = Debug|Any CPU
		{4727A251-6923-4E22-AFE9-4DEA307977FE}.Debug|Any CPU.Build.0 = Debug|Any CPU
		{4727A251-6923-4E22-AFE9-4DEA307977FE}.Debug|ARM.ActiveCfg = Debug|Any CPU
		{4727A251-6923-4E22-AFE9-4DEA307977FE}.Debug|ARM.Build.0 = Debug|Any CPU
		{4727A251-6923-4E22-AFE9-4DEA307977FE}.Debug|ARM64.ActiveCfg = Debug|Any CPU
		{4727A251-6923-4E22-AFE9-4DEA307977FE}.Debug|ARM64.Build.0 = Debug|Any CPU
		{4727A251-6923-4E22-AFE9-4DEA307977FE}.Debug|x64.ActiveCfg = Debug|Any CPU
		{4727A251-6923-4E22-AFE9-4DEA307977FE}.Debug|x64.Build.0 = Debug|Any CPU
		{4727A251-6923-4E22-AFE9-4DEA307977FE}.Debug|x86.ActiveCfg = Debug|Any CPU
		{4727A251-6923-4E22-AFE9-4DEA307977FE}.Debug|x86.Build.0 = Debug|Any CPU
		{4727A251-6923-4E22-AFE9-4DEA307977FE}.Release|Any CPU.ActiveCfg = Release|Any CPU
		{4727A251-6923-4E22-AFE9-4DEA307977FE}.Release|Any CPU.Build.0 = Release|Any CPU
		{4727A251-6923-4E22-AFE9-4DEA307977FE}.Release|ARM.ActiveCfg = Release|Any CPU
		{4727A251-6923-4E22-AFE9-4DEA307977FE}.Release|ARM.Build.0 = Release|Any CPU
		{4727A251-6923-4E22-AFE9-4DEA307977FE}.Release|ARM64.ActiveCfg = Release|Any CPU
		{4727A251-6923-4E22-AFE9-4DEA307977FE}.Release|ARM64.Build.0 = Release|Any CPU
		{4727A251-6923-4E22-AFE9-4DEA307977FE}.Release|x64.ActiveCfg = Release|Any CPU
		{4727A251-6923-4E22-AFE9-4DEA307977FE}.Release|x64.Build.0 = Release|Any CPU
		{4727A251-6923-4E22-AFE9-4DEA307977FE}.Release|x86.ActiveCfg = Release|Any CPU
		{4727A251-6923-4E22-AFE9-4DEA307977FE}.Release|x86.Build.0 = Release|Any CPU
	EndGlobalSection
	GlobalSection(SolutionProperties) = preSolution
		HideSolutionNode = FALSE
	EndGlobalSection
	GlobalSection(ExtensibilityGlobals) = postSolution
		SolutionGuid = {D9D99EE4-7933-4E54-A695-0FA52D622352}
	EndGlobalSection
EndGlobal
